
Microsoft Visual Studio Solution File, Format Version 12.00
# Visual Studio Version 17
VisualStudioVersion = 17.4.33122.133
MinimumVisualStudioVersion = 10.0.40219.1
Project("{FAE04EC0-301F-11D3-BF4B-00C04F79EFBC}") = "NP_Nomadism", "Nomadism\NP_Nomadism.csproj", "{5D1B0DF5-00F3-47F9-AFF1-6A20FC8A0CA3}"
EndProject
Global
	GlobalSection(SolutionConfigurationPlatforms) = preSolution
		Debug|Any CPU = Debug|Any CPU
		Release|Any CPU = Release|Any CPU
	EndGlobalSection
	GlobalSection(ProjectConfigurationPlatforms) = postSolution
		{5D1B0DF5-00F3-47F9-AFF1-6A20FC8A0CA3}.Debug|Any CPU.ActiveCfg = Debug|Any CPU
		{5D1B0DF5-00F3-47F9-AFF1-6A20FC8A0CA3}.Debug|Any CPU.Build.0 = Debug|Any CPU
		{5D1B0DF5-00F3-47F9-AFF1-6A20FC8A0CA3}.Release|Any CPU.ActiveCfg = Release|Any CPU
		{5D1B0DF5-00F3-47F9-AFF1-6A20FC8A0CA3}.Release|Any CPU.Build.0 = Release|Any CPU
	EndGlobalSection
	GlobalSection(SolutionProperties) = preSolution
		HideSolutionNode = FALSE
	EndGlobalSection
	GlobalSection(ExtensibilityGlobals) = postSolution
		SolutionGuid = {AA214F87-0790-41B3-B0E4-E3896A30B1EC}
	EndGlobalSection
EndGlobal
